
Microsoft Visual Studio Solution File, Format Version 12.00
# Visual Studio Version 16
VisualStudioVersion = 16.0.31402.337
MinimumVisualStudioVersion = 10.0.40219.1
Project("{FAE04EC0-301F-11D3-BF4B-00C04F79EFBC}") = "TestWebPages", "TestWebPages\TestWebPages.csproj", "{CB973E25-E60D-482B-80C5-553484FBF9A3}"
EndProject
Project("{9A19103F-16F7-4668-BE54-9A1E7A4F7556}") = "TestWebPages.UIFramework", "TestWebPages.UIFramework\TestWebPages.UIFramework.csproj", "{5D63DA78-6414-4A71-A94E-B0394A2DA09F}"
EndProject
Project("{9A19103F-16F7-4668-BE54-9A1E7A4F7556}") = "TheInternet.UIFramework", "TheInternet.UIFramework\TheInternet.UIFramework.csproj", "{596596CC-8D64-4D5A-B93C-15A384A8A0FC}"
EndProject
Project("{9A19103F-16F7-4668-BE54-9A1E7A4F7556}") = "Selenium.WebDriver.Equip.Tests", "Selenium.WebDriver.Equip.Tests\Selenium.WebDriver.Equip.Tests.csproj", "{669B13D3-7A8A-4B82-BE1F-4A45ADC97E07}"
EndProject
Project("{9A19103F-16F7-4668-BE54-9A1E7A4F7556}") = "Selenium.WebDriver.Equip.Package.Tests", "Selenium.WebDriver.Equip.Package.Tests\Selenium.WebDriver.Equip.Package.Tests.csproj", "{E3AC7B2C-D543-40A5-8883-F295208137DB}"
EndProject
Project("{9A19103F-16F7-4668-BE54-9A1E7A4F7556}") = "Equip", "Equip\Equip.csproj", "{C1F15EDE-0AC7-4F6B-AD04-29E63D1864B1}"
EndProject
Project("{9A19103F-16F7-4668-BE54-9A1E7A4F7556}") = "Selenium.WebDriver.Equip", "Selenium.WebDriver.Equip\Selenium.WebDriver.Equip.csproj", "{0582ED7B-8FF5-410B-A430-81893D20B5B4}"
EndProject
Project("{2150E333-8FDC-42A3-9474-1A3956D46DE8}") = "Solution Items", "Solution Items", "{10C70CCB-828C-4A03-91C6-B3D34DA28E8B}"
	ProjectSection(SolutionItems) = preProject
		.editorconfig = .editorconfig
	EndProjectSection
EndProject
Project("{2150E333-8FDC-42A3-9474-1A3956D46DE8}") = "Tests", "Tests", "{0A7B94F2-DB04-4074-8FB5-EDBD5386AB16}"
EndProject
Project("{FAE04EC0-301F-11D3-BF4B-00C04F79EFBC}") = "Selenium.WebDriver.Equip.Manager.Tests", "Tests\Selenium.WebDriver.Equip.Manager.Tests\Selenium.WebDriver.Equip.Manager.Tests.csproj", "{0585A914-C086-4650-892C-5D1D2E5C8220}"
EndProject
Global
	GlobalSection(SolutionConfigurationPlatforms) = preSolution
		Debug|Any CPU = Debug|Any CPU
		Debug|x64 = Debug|x64
		Debug|x86 = Debug|x86
		Release|Any CPU = Release|Any CPU
		Release|x64 = Release|x64
		Release|x86 = Release|x86
	EndGlobalSection
	GlobalSection(ProjectConfigurationPlatforms) = postSolution
		{CB973E25-E60D-482B-80C5-553484FBF9A3}.Debug|Any CPU.ActiveCfg = Debug|Any CPU
		{CB973E25-E60D-482B-80C5-553484FBF9A3}.Debug|Any CPU.Build.0 = Debug|Any CPU
		{CB973E25-E60D-482B-80C5-553484FBF9A3}.Debug|x64.ActiveCfg = Debug|x64
		{CB973E25-E60D-482B-80C5-553484FBF9A3}.Debug|x64.Build.0 = Debug|x64
		{CB973E25-E60D-482B-80C5-553484FBF9A3}.Debug|x86.ActiveCfg = Debug|x86
		{CB973E25-E60D-482B-80C5-553484FBF9A3}.Debug|x86.Build.0 = Debug|x86
		{CB973E25-E60D-482B-80C5-553484FBF9A3}.Release|Any CPU.ActiveCfg = Release|Any CPU
		{CB973E25-E60D-482B-80C5-553484FBF9A3}.Release|Any CPU.Build.0 = Release|Any CPU
		{CB973E25-E60D-482B-80C5-553484FBF9A3}.Release|x64.ActiveCfg = Release|x64
		{CB973E25-E60D-482B-80C5-553484FBF9A3}.Release|x64.Build.0 = Release|x64
		{CB973E25-E60D-482B-80C5-553484FBF9A3}.Release|x86.ActiveCfg = Release|x86
		{CB973E25-E60D-482B-80C5-553484FBF9A3}.Release|x86.Build.0 = Release|x86
		{5D63DA78-6414-4A71-A94E-B0394A2DA09F}.Debug|Any CPU.ActiveCfg = Debug|Any CPU
		{5D63DA78-6414-4A71-A94E-B0394A2DA09F}.Debug|Any CPU.Build.0 = Debug|Any CPU
		{5D63DA78-6414-4A71-A94E-B0394A2DA09F}.Debug|x64.ActiveCfg = Debug|x64
		{5D63DA78-6414-4A71-A94E-B0394A2DA09F}.Debug|x64.Build.0 = Debug|x64
		{5D63DA78-6414-4A71-A94E-B0394A2DA09F}.Debug|x86.ActiveCfg = Debug|x86
		{5D63DA78-6414-4A71-A94E-B0394A2DA09F}.Debug|x86.Build.0 = Debug|x86
		{5D63DA78-6414-4A71-A94E-B0394A2DA09F}.Release|Any CPU.ActiveCfg = Release|Any CPU
		{5D63DA78-6414-4A71-A94E-B0394A2DA09F}.Release|Any CPU.Build.0 = Release|Any CPU
		{5D63DA78-6414-4A71-A94E-B0394A2DA09F}.Release|x64.ActiveCfg = Release|x64
		{5D63DA78-6414-4A71-A94E-B0394A2DA09F}.Release|x64.Build.0 = Release|x64
		{5D63DA78-6414-4A71-A94E-B0394A2DA09F}.Release|x86.ActiveCfg = Release|x86
		{5D63DA78-6414-4A71-A94E-B0394A2DA09F}.Release|x86.Build.0 = Release|x86
		{596596CC-8D64-4D5A-B93C-15A384A8A0FC}.Debug|Any CPU.ActiveCfg = Debug|Any CPU
		{596596CC-8D64-4D5A-B93C-15A384A8A0FC}.Debug|Any CPU.Build.0 = Debug|Any CPU
		{596596CC-8D64-4D5A-B93C-15A384A8A0FC}.Debug|x64.ActiveCfg = Debug|x64
		{596596CC-8D64-4D5A-B93C-15A384A8A0FC}.Debug|x64.Build.0 = Debug|x64
		{596596CC-8D64-4D5A-B93C-15A384A8A0FC}.Debug|x86.ActiveCfg = Debug|x86
		{596596CC-8D64-4D5A-B93C-15A384A8A0FC}.Debug|x86.Build.0 = Debug|x86
		{596596CC-8D64-4D5A-B93C-15A384A8A0FC}.Release|Any CPU.ActiveCfg = Release|Any CPU
		{596596CC-8D64-4D5A-B93C-15A384A8A0FC}.Release|Any CPU.Build.0 = Release|Any CPU
		{596596CC-8D64-4D5A-B93C-15A384A8A0FC}.Release|x64.ActiveCfg = Release|x64
		{596596CC-8D64-4D5A-B93C-15A384A8A0FC}.Release|x64.Build.0 = Release|x64
		{596596CC-8D64-4D5A-B93C-15A384A8A0FC}.Release|x86.ActiveCfg = Release|x86
		{596596CC-8D64-4D5A-B93C-15A384A8A0FC}.Release|x86.Build.0 = Release|x86
		{669B13D3-7A8A-4B82-BE1F-4A45ADC97E07}.Debug|Any CPU.ActiveCfg = Debug|Any CPU
		{669B13D3-7A8A-4B82-BE1F-4A45ADC97E07}.Debug|Any CPU.Build.0 = Debug|Any CPU
		{669B13D3-7A8A-4B82-BE1F-4A45ADC97E07}.Debug|x64.ActiveCfg = Debug|x64
		{669B13D3-7A8A-4B82-BE1F-4A45ADC97E07}.Debug|x64.Build.0 = Debug|x64
		{669B13D3-7A8A-4B82-BE1F-4A45ADC97E07}.Debug|x86.ActiveCfg = Debug|x86
		{669B13D3-7A8A-4B82-BE1F-4A45ADC97E07}.Debug|x86.Build.0 = Debug|x86
		{669B13D3-7A8A-4B82-BE1F-4A45ADC97E07}.Release|Any CPU.ActiveCfg = Release|Any CPU
		{669B13D3-7A8A-4B82-BE1F-4A45ADC97E07}.Release|Any CPU.Build.0 = Release|Any CPU
		{669B13D3-7A8A-4B82-BE1F-4A45ADC97E07}.Release|x64.ActiveCfg = Release|x64
		{669B13D3-7A8A-4B82-BE1F-4A45ADC97E07}.Release|x64.Build.0 = Release|x64
		{669B13D3-7A8A-4B82-BE1F-4A45ADC97E07}.Release|x86.ActiveCfg = Release|x86
		{669B13D3-7A8A-4B82-BE1F-4A45ADC97E07}.Release|x86.Build.0 = Release|x86
		{E3AC7B2C-D543-40A5-8883-F295208137DB}.Debug|Any CPU.ActiveCfg = Debug|Any CPU
		{E3AC7B2C-D543-40A5-8883-F295208137DB}.Debug|Any CPU.Build.0 = Debug|Any CPU
		{E3AC7B2C-D543-40A5-8883-F295208137DB}.Debug|x64.ActiveCfg = Debug|Any CPU
		{E3AC7B2C-D543-40A5-8883-F295208137DB}.Debug|x64.Build.0 = Debug|Any CPU
		{E3AC7B2C-D543-40A5-8883-F295208137DB}.Debug|x86.ActiveCfg = Debug|Any CPU
		{E3AC7B2C-D543-40A5-8883-F295208137DB}.Debug|x86.Build.0 = Debug|Any CPU
		{E3AC7B2C-D543-40A5-8883-F295208137DB}.Release|Any CPU.ActiveCfg = Release|Any CPU
		{E3AC7B2C-D543-40A5-8883-F295208137DB}.Release|Any CPU.Build.0 = Release|Any CPU
		{E3AC7B2C-D543-40A5-8883-F295208137DB}.Release|x64.ActiveCfg = Release|Any CPU
		{E3AC7B2C-D543-40A5-8883-F295208137DB}.Release|x64.Build.0 = Release|Any CPU
		{E3AC7B2C-D543-40A5-8883-F295208137DB}.Release|x86.ActiveCfg = Release|Any CPU
		{E3AC7B2C-D543-40A5-8883-F295208137DB}.Release|x86.Build.0 = Release|Any CPU
		{C1F15EDE-0AC7-4F6B-AD04-29E63D1864B1}.Debug|Any CPU.ActiveCfg = Debug|Any CPU
		{C1F15EDE-0AC7-4F6B-AD04-29E63D1864B1}.Debug|Any CPU.Build.0 = Debug|Any CPU
		{C1F15EDE-0AC7-4F6B-AD04-29E63D1864B1}.Debug|x64.ActiveCfg = Debug|Any CPU
		{C1F15EDE-0AC7-4F6B-AD04-29E63D1864B1}.Debug|x64.Build.0 = Debug|Any CPU
		{C1F15EDE-0AC7-4F6B-AD04-29E63D1864B1}.Debug|x86.ActiveCfg = Debug|Any CPU
		{C1F15EDE-0AC7-4F6B-AD04-29E63D1864B1}.Debug|x86.Build.0 = Debug|Any CPU
		{C1F15EDE-0AC7-4F6B-AD04-29E63D1864B1}.Release|Any CPU.ActiveCfg = Release|Any CPU
		{C1F15EDE-0AC7-4F6B-AD04-29E63D1864B1}.Release|Any CPU.Build.0 = Release|Any CPU
		{C1F15EDE-0AC7-4F6B-AD04-29E63D1864B1}.Release|x64.ActiveCfg = Release|Any CPU
		{C1F15EDE-0AC7-4F6B-AD04-29E63D1864B1}.Release|x64.Build.0 = Release|Any CPU
		{C1F15EDE-0AC7-4F6B-AD04-29E63D1864B1}.Release|x86.ActiveCfg = Release|Any CPU
		{C1F15EDE-0AC7-4F6B-AD04-29E63D1864B1}.Release|x86.Build.0 = Release|Any CPU
		{0582ED7B-8FF5-410B-A430-81893D20B5B4}.Debug|Any CPU.ActiveCfg = Debug|Any CPU
		{0582ED7B-8FF5-410B-A430-81893D20B5B4}.Debug|Any CPU.Build.0 = Debug|Any CPU
		{0582ED7B-8FF5-410B-A430-81893D20B5B4}.Debug|x64.ActiveCfg = Debug|Any CPU
		{0582ED7B-8FF5-410B-A430-81893D20B5B4}.Debug|x64.Build.0 = Debug|Any CPU
		{0582ED7B-8FF5-410B-A430-81893D20B5B4}.Debug|x86.ActiveCfg = Debug|Any CPU
		{0582ED7B-8FF5-410B-A430-81893D20B5B4}.Debug|x86.Build.0 = Debug|Any CPU
		{0582ED7B-8FF5-410B-A430-81893D20B5B4}.Release|Any CPU.ActiveCfg = Release|Any CPU
		{0582ED7B-8FF5-410B-A430-81893D20B5B4}.Release|Any CPU.Build.0 = Release|Any CPU
		{0582ED7B-8FF5-410B-A430-81893D20B5B4}.Release|x64.ActiveCfg = Release|Any CPU
		{0582ED7B-8FF5-410B-A430-81893D20B5B4}.Release|x64.Build.0 = Release|Any CPU
		{0582ED7B-8FF5-410B-A430-81893D20B5B4}.Release|x86.ActiveCfg = Release|Any CPU
		{0582ED7B-8FF5-410B-A430-81893D20B5B4}.Release|x86.Build.0 = Release|Any CPU
		{0585A914-C086-4650-892C-5D1D2E5C8220}.Debug|Any CPU.ActiveCfg = Debug|Any CPU
		{0585A914-C086-4650-892C-5D1D2E5C8220}.Debug|Any CPU.Build.0 = Debug|Any CPU
		{0585A914-C086-4650-892C-5D1D2E5C8220}.Debug|x64.ActiveCfg = Debug|Any CPU
		{0585A914-C086-4650-892C-5D1D2E5C8220}.Debug|x64.Build.0 = Debug|Any CPU
		{0585A914-C086-4650-892C-5D1D2E5C8220}.Debug|x86.ActiveCfg = Debug|Any CPU
		{0585A914-C086-4650-892C-5D1D2E5C8220}.Debug|x86.Build.0 = Debug|Any CPU
		{0585A914-C086-4650-892C-5D1D2E5C8220}.Release|Any CPU.ActiveCfg = Release|Any CPU
		{0585A914-C086-4650-892C-5D1D2E5C8220}.Release|Any CPU.Build.0 = Release|Any CPU
		{0585A914-C086-4650-892C-5D1D2E5C8220}.Release|x64.ActiveCfg = Release|Any CPU
		{0585A914-C086-4650-892C-5D1D2E5C8220}.Release|x64.Build.0 = Release|Any CPU
		{0585A914-C086-4650-892C-5D1D2E5C8220}.Release|x86.ActiveCfg = Release|Any CPU
		{0585A914-C086-4650-892C-5D1D2E5C8220}.Release|x86.Build.0 = Release|Any CPU
	EndGlobalSection
	GlobalSection(SolutionProperties) = preSolution
		HideSolutionNode = FALSE
	EndGlobalSection
	GlobalSection(NestedProjects) = preSolution
		{0585A914-C086-4650-892C-5D1D2E5C8220} = {0A7B94F2-DB04-4074-8FB5-EDBD5386AB16}
	EndGlobalSection
	GlobalSection(ExtensibilityGlobals) = postSolution
		SolutionGuid = {2196CF32-D856-4FB0-B15A-B4B6E4FE3F79}
	EndGlobalSection
EndGlobal
